
Microsoft Visual Studio Solution File, Format Version 12.00
# Visual Studio Version 17
VisualStudioVersion = 17.4.33122.133
MinimumVisualStudioVersion = 10.0.40219.1
Project("{FAE04EC0-301F-11D3-BF4B-00C04F79EFBC}") = "Lemondo", "Lemondo\Lemondo.csproj", "{413D4321-81D0-4B6D-8D17-0E45901488D8}"
EndProject
Global
	GlobalSection(SolutionConfigurationPlatforms) = preSolution
		Debug|Any CPU = Debug|Any CPU
		Release|Any CPU = Release|Any CPU
	EndGlobalSection
	GlobalSection(ProjectConfigurationPlatforms) = postSolution
		{413D4321-81D0-4B6D-8D17-0E45901488D8}.Debug|Any CPU.ActiveCfg = Debug|Any CPU
		{413D4321-81D0-4B6D-8D17-0E45901488D8}.Debug|Any CPU.Build.0 = Debug|Any CPU
		{413D4321-81D0-4B6D-8D17-0E45901488D8}.Release|Any CPU.ActiveCfg = Release|Any CPU
		{413D4321-81D0-4B6D-8D17-0E45901488D8}.Release|Any CPU.Build.0 = Release|Any CPU
	EndGlobalSection
	GlobalSection(SolutionProperties) = preSolution
		HideSolutionNode = FALSE
	EndGlobalSection
	GlobalSection(ExtensibilityGlobals) = postSolution
		SolutionGuid = {95EF32F1-EC2E-4215-A597-B4F9E3F19020}
	EndGlobalSection
EndGlobal
